
Microsoft Visual Studio Solution File, Format Version 12.00
# Visual Studio 15
VisualStudioVersion = 15.0.27004.2010
MinimumVisualStudioVersion = 10.0.40219.1
Project("{FAE04EC0-301F-11D3-BF4B-00C04F79EFBC}") = "SomeCompany.Recommendation", "SomeCompany.Recommendation\SomeCompany.Recommendation.csproj", "{38C84284-3BBA-448D-8960-4083C8537952}"
EndProject
Project("{FAE04EC0-301F-11D3-BF4B-00C04F79EFBC}") = "SomeCompany.Shared", "SomeCompany.Shared\SomeCompany.Shared.csproj", "{F044EC9C-5DD4-4782-9631-7FF0ADBB890D}"
EndProject
Global
	GlobalSection(SolutionConfigurationPlatforms) = preSolution
		Debug|Any CPU = Debug|Any CPU
		Release|Any CPU = Release|Any CPU
	EndGlobalSection
	GlobalSection(ProjectConfigurationPlatforms) = postSolution
		{38C84284-3BBA-448D-8960-4083C8537952}.Debug|Any CPU.ActiveCfg = Debug|Any CPU
		{38C84284-3BBA-448D-8960-4083C8537952}.Debug|Any CPU.Build.0 = Debug|Any CPU
		{38C84284-3BBA-448D-8960-4083C8537952}.Release|Any CPU.ActiveCfg = Release|Any CPU
		{38C84284-3BBA-448D-8960-4083C8537952}.Release|Any CPU.Build.0 = Release|Any CPU
		{F044EC9C-5DD4-4782-9631-7FF0ADBB890D}.Debug|Any CPU.ActiveCfg = Debug|Any CPU
		{F044EC9C-5DD4-4782-9631-7FF0ADBB890D}.Debug|Any CPU.Build.0 = Debug|Any CPU
		{F044EC9C-5DD4-4782-9631-7FF0ADBB890D}.Release|Any CPU.ActiveCfg = Release|Any CPU
		{F044EC9C-5DD4-4782-9631-7FF0ADBB890D}.Release|Any CPU.Build.0 = Release|Any CPU
	EndGlobalSection
	GlobalSection(SolutionProperties) = preSolution
		HideSolutionNode = FALSE
	EndGlobalSection
	GlobalSection(ExtensibilityGlobals) = postSolution
		SolutionGuid = {62B25653-C35F-4629-9800-668AC6CA032C}
	EndGlobalSection
EndGlobal
